
Microsoft Visual Studio Solution File, Format Version 12.00
Project("{2150E333-8FDC-42A3-9474-1A3956D46DE8}") = "src", "src", "{827E0CD3-B72D-47B6-A68D-7590B98EB39B}"
EndProject
Project("{FAE04EC0-301F-11D3-BF4B-00C04F79EFBC}") = "WikiCopilotAssistant.Domain", "src\WikiCopilotAssistant.Domain\WikiCopilotAssistant.Domain.csproj", "{CA4D8664-C003-40D8-BB60-797F2755E49A}"
EndProject
Project("{FAE04EC0-301F-11D3-BF4B-00C04F79EFBC}") = "WikiCopilotAssistant.Application", "src\WikiCopilotAssistant.Application\WikiCopilotAssistant.Application.csproj", "{806B42D0-C2E6-4D2F-AD9F-FA41B9BC9C6F}"
EndProject
Project("{FAE04EC0-301F-11D3-BF4B-00C04F79EFBC}") = "WikiCopilotAssistant.Infrastructure", "src\WikiCopilotAssistant.Infrastructure\WikiCopilotAssistant.Infrastructure.csproj", "{8557DAA8-54CA-467F-84B4-C53E140F0B2E}"
EndProject
Project("{FAE04EC0-301F-11D3-BF4B-00C04F79EFBC}") = "WikiCopilotAssistant.Web", "src\WikiCopilotAssistant.Web\WikiCopilotAssistant.Web.csproj", "{D1772114-1B7F-4E6F-A0A1-75949D874BFB}"
EndProject
Project("{2150E333-8FDC-42A3-9474-1A3956D46DE8}") = "tests", "tests", "{0AB3BF05-4346-4AA6-1389-037BE0695223}"
EndProject
Project("{FAE04EC0-301F-11D3-BF4B-00C04F79EFBC}") = "WikiCopilotAssistant.UnitTests", "tests\WikiCopilotAssistant.UnitTests\WikiCopilotAssistant.UnitTests.csproj", "{5BBA6559-3369-487D-B599-77DF7D166F0A}"
EndProject
Project("{FAE04EC0-301F-11D3-BF4B-00C04F79EFBC}") = "WikiCopilotAssistant.IntegrationTests", "tests\WikiCopilotAssistant.IntegrationTests\WikiCopilotAssistant.IntegrationTests.csproj", "{0AF1030B-BB82-4CF9-9C8F-E16027F0F5BC}"
EndProject
Global
	GlobalSection(SolutionConfigurationPlatforms) = preSolution
		Debug|Any CPU = Debug|Any CPU
		Debug|x64 = Debug|x64
		Debug|x86 = Debug|x86
		Release|Any CPU = Release|Any CPU
		Release|x64 = Release|x64
		Release|x86 = Release|x86
	EndGlobalSection
	GlobalSection(ProjectConfigurationPlatforms) = postSolution
		{CA4D8664-C003-40D8-BB60-797F2755E49A}.Debug|Any CPU.ActiveCfg = Debug|Any CPU
		{CA4D8664-C003-40D8-BB60-797F2755E49A}.Debug|Any CPU.Build.0 = Debug|Any CPU
		{CA4D8664-C003-40D8-BB60-797F2755E49A}.Debug|x64.ActiveCfg = Debug|Any CPU
		{CA4D8664-C003-40D8-BB60-797F2755E49A}.Debug|x64.Build.0 = Debug|Any CPU
		{CA4D8664-C003-40D8-BB60-797F2755E49A}.Debug|x86.ActiveCfg = Debug|Any CPU
		{CA4D8664-C003-40D8-BB60-797F2755E49A}.Debug|x86.Build.0 = Debug|Any CPU
		{CA4D8664-C003-40D8-BB60-797F2755E49A}.Release|Any CPU.ActiveCfg = Release|Any CPU
		{CA4D8664-C003-40D8-BB60-797F2755E49A}.Release|Any CPU.Build.0 = Release|Any CPU
		{CA4D8664-C003-40D8-BB60-797F2755E49A}.Release|x64.ActiveCfg = Release|Any CPU
		{CA4D8664-C003-40D8-BB60-797F2755E49A}.Release|x64.Build.0 = Release|Any CPU
		{CA4D8664-C003-40D8-BB60-797F2755E49A}.Release|x86.ActiveCfg = Release|Any CPU
		{CA4D8664-C003-40D8-BB60-797F2755E49A}.Release|x86.Build.0 = Release|Any CPU
		{806B42D0-C2E6-4D2F-AD9F-FA41B9BC9C6F}.Debug|Any CPU.ActiveCfg = Debug|Any CPU
		{806B42D0-C2E6-4D2F-AD9F-FA41B9BC9C6F}.Debug|Any CPU.Build.0 = Debug|Any CPU
		{806B42D0-C2E6-4D2F-AD9F-FA41B9BC9C6F}.Debug|x64.ActiveCfg = Debug|Any CPU
		{806B42D0-C2E6-4D2F-AD9F-FA41B9BC9C6F}.Debug|x64.Build.0 = Debug|Any CPU
		{806B42D0-C2E6-4D2F-AD9F-FA41B9BC9C6F}.Debug|x86.ActiveCfg = Debug|Any CPU
		{806B42D0-C2E6-4D2F-AD9F-FA41B9BC9C6F}.Debug|x86.Build.0 = Debug|Any CPU
		{806B42D0-C2E6-4D2F-AD9F-FA41B9BC9C6F}.Release|Any CPU.ActiveCfg = Release|Any CPU
		{806B42D0-C2E6-4D2F-AD9F-FA41B9BC9C6F}.Release|Any CPU.Build.0 = Release|Any CPU
		{806B42D0-C2E6-4D2F-AD9F-FA41B9BC9C6F}.Release|x64.ActiveCfg = Release|Any CPU
		{806B42D0-C2E6-4D2F-AD9F-FA41B9BC9C6F}.Release|x64.Build.0 = Release|Any CPU
		{806B42D0-C2E6-4D2F-AD9F-FA41B9BC9C6F}.Release|x86.ActiveCfg = Release|Any CPU
		{806B42D0-C2E6-4D2F-AD9F-FA41B9BC9C6F}.Release|x86.Build.0 = Release|Any CPU
		{8557DAA8-54CA-467F-84B4-C53E140F0B2E}.Debug|Any CPU.ActiveCfg = Debug|Any CPU
		{8557DAA8-54CA-467F-84B4-C53E140F0B2E}.Debug|Any CPU.Build.0 = Debug|Any CPU
		{8557DAA8-54CA-467F-84B4-C53E140F0B2E}.Debug|x64.ActiveCfg = Debug|Any CPU
		{8557DAA8-54CA-467F-84B4-C53E140F0B2E}.Debug|x64.Build.0 = Debug|Any CPU
		{8557DAA8-54CA-467F-84B4-C53E140F0B2E}.Debug|x86.ActiveCfg = Debug|Any CPU
		{8557DAA8-54CA-467F-84B4-C53E140F0B2E}.Debug|x86.Build.0 = Debug|Any CPU
		{8557DAA8-54CA-467F-84B4-C53E140F0B2E}.Release|Any CPU.ActiveCfg = Release|Any CPU
		{8557DAA8-54CA-467F-84B4-C53E140F0B2E}.Release|Any CPU.Build.0 = Release|Any CPU
		{8557DAA8-54CA-467F-84B4-C53E140F0B2E}.Release|x64.ActiveCfg = Release|Any CPU
		{8557DAA8-54CA-467F-84B4-C53E140F0B2E}.Release|x64.Build.0 = Release|Any CPU
		{8557DAA8-54CA-467F-84B4-C53E140F0B2E}.Release|x86.ActiveCfg = Release|Any CPU
		{8557DAA8-54CA-467F-84B4-C53E140F0B2E}.Release|x86.Build.0 = Release|Any CPU
		{D1772114-1B7F-4E6F-A0A1-75949D874BFB}.Debug|Any CPU.ActiveCfg = Debug|Any CPU
		{D1772114-1B7F-4E6F-A0A1-75949D874BFB}.Debug|Any CPU.Build.0 = Debug|Any CPU
		{D1772114-1B7F-4E6F-A0A1-75949D874BFB}.Debug|x64.ActiveCfg = Debug|Any CPU
		{D1772114-1B7F-4E6F-A0A1-75949D874BFB}.Debug|x64.Build.0 = Debug|Any CPU
		{D1772114-1B7F-4E6F-A0A1-75949D874BFB}.Debug|x86.ActiveCfg = Debug|Any CPU
		{D1772114-1B7F-4E6F-A0A1-75949D874BFB}.Debug|x86.Build.0 = Debug|Any CPU
		{D1772114-1B7F-4E6F-A0A1-75949D874BFB}.Release|Any CPU.ActiveCfg = Release|Any CPU
		{D1772114-1B7F-4E6F-A0A1-75949D874BFB}.Release|Any CPU.Build.0 = Release|Any CPU
		{D1772114-1B7F-4E6F-A0A1-75949D874BFB}.Release|x64.ActiveCfg = Release|Any CPU
		{D1772114-1B7F-4E6F-A0A1-75949D874BFB}.Release|x64.Build.0 = Release|Any CPU
		{D1772114-1B7F-4E6F-A0A1-75949D874BFB}.Release|x86.ActiveCfg = Release|Any CPU
		{D1772114-1B7F-4E6F-A0A1-75949D874BFB}.Release|x86.Build.0 = Release|Any CPU
		{5BBA6559-3369-487D-B599-77DF7D166F0A}.Debug|Any CPU.ActiveCfg = Debug|Any CPU
		{5BBA6559-3369-487D-B599-77DF7D166F0A}.Debug|Any CPU.Build.0 = Debug|Any CPU
		{5BBA6559-3369-487D-B599-77DF7D166F0A}.Debug|x64.ActiveCfg = Debug|Any CPU
		{5BBA6559-3369-487D-B599-77DF7D166F0A}.Debug|x64.Build.0 = Debug|Any CPU
		{5BBA6559-3369-487D-B599-77DF7D166F0A}.Debug|x86.ActiveCfg = Debug|Any CPU
		{5BBA6559-3369-487D-B599-77DF7D166F0A}.Debug|x86.Build.0 = Debug|Any CPU
		{5BBA6559-3369-487D-B599-77DF7D166F0A}.Release|Any CPU.ActiveCfg = Release|Any CPU
		{5BBA6559-3369-487D-B599-77DF7D166F0A}.Release|Any CPU.Build.0 = Release|Any CPU
		{5BBA6559-3369-487D-B599-77DF7D166F0A}.Release|x64.ActiveCfg = Release|Any CPU
		{5BBA6559-3369-487D-B599-77DF7D166F0A}.Release|x64.Build.0 = Release|Any CPU
		{5BBA6559-3369-487D-B599-77DF7D166F0A}.Release|x86.ActiveCfg = Release|Any CPU
		{5BBA6559-3369-487D-B599-77DF7D166F0A}.Release|x86.Build.0 = Release|Any CPU
		{0AF1030B-BB82-4CF9-9C8F-E16027F0F5BC}.Debug|Any CPU.ActiveCfg = Debug|Any CPU
		{0AF1030B-BB82-4CF9-9C8F-E16027F0F5BC}.Debug|Any CPU.Build.0 = Debug|Any CPU
		{0AF1030B-BB82-4CF9-9C8F-E16027F0F5BC}.Debug|x64.ActiveCfg = Debug|Any CPU
		{0AF1030B-BB82-4CF9-9C8F-E16027F0F5BC}.Debug|x64.Build.0 = Debug|Any CPU
		{0AF1030B-BB82-4CF9-9C8F-E16027F0F5BC}.Debug|x86.ActiveCfg = Debug|Any CPU
		{0AF1030B-BB82-4CF9-9C8F-E16027F0F5BC}.Debug|x86.Build.0 = Debug|Any CPU
		{0AF1030B-BB82-4CF9-9C8F-E16027F0F5BC}.Release|Any CPU.ActiveCfg = Release|Any CPU
		{0AF1030B-BB82-4CF9-9C8F-E16027F0F5BC}.Release|Any CPU.Build.0 = Release|Any CPU
		{0AF1030B-BB82-4CF9-9C8F-E16027F0F5BC}.Release|x64.ActiveCfg = Release|Any CPU
		{0AF1030B-BB82-4CF9-9C8F-E16027F0F5BC}.Release|x64.Build.0 = Release|Any CPU
		{0AF1030B-BB82-4CF9-9C8F-E16027F0F5BC}.Release|x86.ActiveCfg = Release|Any CPU
		{0AF1030B-BB82-4CF9-9C8F-E16027F0F5BC}.Release|x86.Build.0 = Release|Any CPU
	EndGlobalSection
	GlobalSection(SolutionProperties) = preSolution
		HideSolutionNode = FALSE
	EndGlobalSection
	GlobalSection(NestedProjects) = preSolution
		{CA4D8664-C003-40D8-BB60-797F2755E49A} = {827E0CD3-B72D-47B6-A68D-7590B98EB39B}
		{806B42D0-C2E6-4D2F-AD9F-FA41B9BC9C6F} = {827E0CD3-B72D-47B6-A68D-7590B98EB39B}
		{8557DAA8-54CA-467F-84B4-C53E140F0B2E} = {827E0CD3-B72D-47B6-A68D-7590B98EB39B}
		{D1772114-1B7F-4E6F-A0A1-75949D874BFB} = {827E0CD3-B72D-47B6-A68D-7590B98EB39B}
		{5BBA6559-3369-487D-B599-77DF7D166F0A} = {0AB3BF05-4346-4AA6-1389-037BE0695223}
		{0AF1030B-BB82-4CF9-9C8F-E16027F0F5BC} = {0AB3BF05-4346-4AA6-1389-037BE0695223}
	EndGlobalSection
EndGlobal
